
Microsoft Visual Studio Solution File, Format Version 12.00
# Visual Studio 15
VisualStudioVersion = 15.0.27004.2009
MinimumVisualStudioVersion = 10.0.40219.1
Project("{FAE04EC0-301F-11D3-BF4B-00C04F79EFBC}") = "OnlineBazaar", "OnlineBazaar\OnlineBazaar.csproj", "{68785F1E-4FA6-4D2D-9028-0359CFA2614B}"
EndProject
Global
	GlobalSection(SolutionConfigurationPlatforms) = preSolution
		Debug|Any CPU = Debug|Any CPU
		Release|Any CPU = Release|Any CPU
	EndGlobalSection
	GlobalSection(ProjectConfigurationPlatforms) = postSolution
		{68785F1E-4FA6-4D2D-9028-0359CFA2614B}.Debug|Any CPU.ActiveCfg = Debug|Any CPU
		{68785F1E-4FA6-4D2D-9028-0359CFA2614B}.Debug|Any CPU.Build.0 = Debug|Any CPU
		{68785F1E-4FA6-4D2D-9028-0359CFA2614B}.Release|Any CPU.ActiveCfg = Release|Any CPU
		{68785F1E-4FA6-4D2D-9028-0359CFA2614B}.Release|Any CPU.Build.0 = Release|Any CPU
	EndGlobalSection
	GlobalSection(SolutionProperties) = preSolution
		HideSolutionNode = FALSE
	EndGlobalSection
	GlobalSection(ExtensibilityGlobals) = postSolution
		SolutionGuid = {CB257E24-B638-490F-894C-4A2D8378DE50}
	EndGlobalSection
EndGlobal
